
Microsoft Visual Studio Solution File, Format Version 12.00
# Visual Studio 14
VisualStudioVersion = 14.0.25420.1
MinimumVisualStudioVersion = 10.0.40219.1
Project("{FAE04EC0-301F-11D3-BF4B-00C04F79EFBC}") = "QuieroPizza.Web", "QuieroPizza.Web\QuieroPizza.Web.csproj", "{7A7173B9-D33A-43AB-8CC0-27400F713C2C}"
EndProject
Project("{FAE04EC0-301F-11D3-BF4B-00C04F79EFBC}") = "Sistema_Inventario.WebAdmin", "Sistema_Inventario.WebAdmin\Sistema_Inventario.WebAdmin.csproj", "{1654782B-568E-42FA-94C4-CC89160D501B}"
EndProject
Global
	GlobalSection(SolutionConfigurationPlatforms) = preSolution
		Debug|Any CPU = Debug|Any CPU
		Release|Any CPU = Release|Any CPU
	EndGlobalSection
	GlobalSection(ProjectConfigurationPlatforms) = postSolution
		{7A7173B9-D33A-43AB-8CC0-27400F713C2C}.Debug|Any CPU.ActiveCfg = Debug|Any CPU
		{7A7173B9-D33A-43AB-8CC0-27400F713C2C}.Debug|Any CPU.Build.0 = Debug|Any CPU
		{7A7173B9-D33A-43AB-8CC0-27400F713C2C}.Release|Any CPU.ActiveCfg = Release|Any CPU
		{7A7173B9-D33A-43AB-8CC0-27400F713C2C}.Release|Any CPU.Build.0 = Release|Any CPU
		{1654782B-568E-42FA-94C4-CC89160D501B}.Debug|Any CPU.ActiveCfg = Debug|Any CPU
		{1654782B-568E-42FA-94C4-CC89160D501B}.Debug|Any CPU.Build.0 = Debug|Any CPU
		{1654782B-568E-42FA-94C4-CC89160D501B}.Release|Any CPU.ActiveCfg = Release|Any CPU
		{1654782B-568E-42FA-94C4-CC89160D501B}.Release|Any CPU.Build.0 = Release|Any CPU
	EndGlobalSection
	GlobalSection(SolutionProperties) = preSolution
		HideSolutionNode = FALSE
	EndGlobalSection
EndGlobal
